// !$*UTF8*$!
{
	archiveVersion = 1;
	classes = {
	};
	objectVersion = 56;
	objects = {

/* Begin PBXBuildFile section */
		85C66CFA2BFE427C003E3A86 /* AppDelegate.swift in Sources */ = {isa = PBXBuildFile; fileRef = 85C66CF92BFE427C003E3A86 /* AppDelegate.swift */; };
		85C66CFC2BFE427C003E3A86 /* SceneDelegate.swift in Sources */ = {isa = PBXBuildFile; fileRef = 85C66CFB2BFE427C003E3A86 /* SceneDelegate.swift */; };
		85C66CFE2BFE427C003E3A86 /* ViewController.swift in Sources */ = {isa = PBXBuildFile; fileRef = 85C66CFD2BFE427C003E3A86 /* ViewController.swift */; };
		85C66D012BFE427C003E3A86 /* Base in Resources */ = {isa = PBXBuildFile; fileRef = 85C66D002BFE427C003E3A86 /* Base */; };
		85C66D032BFE427E003E3A86 /* Assets.xcassets in Resources */ = {isa = PBXBuildFile; fileRef = 85C66D022BFE427E003E3A86 /* Assets.xcassets */; };
		85C66D062BFE427E003E3A86 /* Base in Resources */ = {isa = PBXBuildFile; fileRef = 85C66D052BFE427E003E3A86 /* Base */; };
		85C66D0F2BFE4730003E3A86 /* T3ViewController.swift in Sources */ = {isa = PBXBuildFile; fileRef = 85C66D0E2BFE4730003E3A86 /* T3ViewController.swift */; };
		85C66D112BFE473C003E3A86 /* T3AttendeeViewController.swift in Sources */ = {isa = PBXBuildFile; fileRef = 85C66D102BFE473C003E3A86 /* T3AttendeeViewController.swift */; };
		85C66D132BFE494F003E3A86 /* HelloWorldViewController.swift in Sources */ = {isa = PBXBuildFile; fileRef = 85C66D122BFE494F003E3A86 /* HelloWorldViewController.swift */; };
		99AC2A5F2D13F3E000FE3926 /* Model.swift in Sources */ = {isa = PBXBuildFile; fileRef = 99AC2A5E2D13F3DB00FE3926 /* Model.swift */; };
/* End PBXBuildFile section */

/* Begin PBXFileReference section */
		85C66CF62BFE427C003E3A86 /* T3DebuggingHomework.app */ = {isa = PBXFileReference; explicitFileType = wrapper.application; includeInIndex = 0; path = T3DebuggingHomework.app; sourceTree = BUILT_PRODUCTS_DIR; };
		85C66CF92BFE427C003E3A86 /* AppDelegate.swift */ = {isa = PBXFileReference; lastKnownFileType = sourcecode.swift; path = AppDelegate.swift; sourceTree = "<group>"; };
		85C66CFB2BFE427C003E3A86 /* SceneDelegate.swift */ = {isa = PBXFileReference; lastKnownFileType = sourcecode.swift; path = SceneDelegate.swift; sourceTree = "<group>"; };
		85C66CFD2BFE427C003E3A86 /* ViewController.swift */ = {isa = PBXFileReference; lastKnownFileType = sourcecode.swift; path = ViewController.swift; sourceTree = "<group>"; };
		85C66D002BFE427C003E3A86 /* Base */ = {isa = PBXFileReference; lastKnownFileType = file.storyboard; name = Base; path = Base.lproj/Main.storyboard; sourceTree = "<group>"; };
		85C66D022BFE427E003E3A86 /* Assets.xcassets */ = {isa = PBXFileReference; lastKnownFileType = folder.assetcatalog; path = Assets.xcassets; sourceTree = "<group>"; };
		85C66D052BFE427E003E3A86 /* Base */ = {isa = PBXFileReference; lastKnownFileType = file.storyboard; name = Base; path = Base.lproj/LaunchScreen.storyboard; sourceTree = "<group>"; };
		85C66D072BFE427E003E3A86 /* Info.plist */ = {isa = PBXFileReference; lastKnownFileType = text.plist.xml; path = Info.plist; sourceTree = "<group>"; };
		85C66D0E2BFE4730003E3A86 /* T3ViewController.swift */ = {isa = PBXFileReference; lastKnownFileType = sourcecode.swift; path = T3ViewController.swift; sourceTree = "<group>"; };
		85C66D102BFE473C003E3A86 /* T3AttendeeViewController.swift */ = {isa = PBXFileReference; lastKnownFileType = sourcecode.swift; path = T3AttendeeViewController.swift; sourceTree = "<group>"; };
		85C66D122BFE494F003E3A86 /* HelloWorldViewController.swift */ = {isa = PBXFileReference; lastKnownFileType = sourcecode.swift; path = HelloWorldViewController.swift; sourceTree = "<group>"; };
		99AC2A5E2D13F3DB00FE3926 /* Model.swift */ = {isa = PBXFileReference; lastKnownFileType = sourcecode.swift; path = Model.swift; sourceTree = "<group>"; };
/* End PBXFileReference section */

/* Begin PBXFrameworksBuildPhase section */
		85C66CF32BFE427C003E3A86 /* Frameworks */ = {
			isa = PBXFrameworksBuildPhase;
			buildActionMask = 2147483647;
			files = (
			);
			runOnlyForDeploymentPostprocessing = 0;
		};
/* End PBXFrameworksBuildPhase section */

/* Begin PBXGroup section */
		85C66CED2BFE427C003E3A86 = {
			isa = PBXGroup;
			children = (
				85C66CF82BFE427C003E3A86 /* T3DebuggingHomework */,
				85C66CF72BFE427C003E3A86 /* Products */,
			);
			sourceTree = "<group>";
		};
		85C66CF72BFE427C003E3A86 /* Products */ = {
			isa = PBXGroup;
			children = (
				85C66CF62BFE427C003E3A86 /* T3DebuggingHomework.app */,
			);
			name = Products;
			sourceTree = "<group>";
		};
		85C66CF82BFE427C003E3A86 /* T3DebuggingHomework */ = {
			isa = PBXGroup;
			children = (
				85C66CF92BFE427C003E3A86 /* AppDelegate.swift */,
				85C66CFB2BFE427C003E3A86 /* SceneDelegate.swift */,
				85C66CFD2BFE427C003E3A86 /* ViewController.swift */,
				85C66D122BFE494F003E3A86 /* HelloWorldViewController.swift */,
				85C66D0D2BFE470F003E3A86 /* AttendeeFlow */,
				85C66CFF2BFE427C003E3A86 /* Main.storyboard */,
				85C66D022BFE427E003E3A86 /* Assets.xcassets */,
				85C66D042BFE427E003E3A86 /* LaunchScreen.storyboard */,
				85C66D072BFE427E003E3A86 /* Info.plist */,
			);
			path = T3DebuggingHomework;
			sourceTree = "<group>";
		};
		85C66D0D2BFE470F003E3A86 /* AttendeeFlow */ = {
			isa = PBXGroup;
			children = (
				99AC2A5E2D13F3DB00FE3926 /* Model.swift */,
				85C66D0E2BFE4730003E3A86 /* T3ViewController.swift */,
				85C66D102BFE473C003E3A86 /* T3AttendeeViewController.swift */,
			);
			path = AttendeeFlow;
			sourceTree = "<group>";
		};
/* End PBXGroup section */

/* Begin PBXNativeTarget section */
		85C66CF52BFE427C003E3A86 /* T3DebuggingHomework */ = {
			isa = PBXNativeTarget;
			buildConfigurationList = 85C66D0A2BFE427E003E3A86 /* Build configuration list for PBXNativeTarget "T3DebuggingHomework" */;
			buildPhases = (
				85C66CF22BFE427C003E3A86 /* Sources */,
				85C66CF32BFE427C003E3A86 /* Frameworks */,
				85C66CF42BFE427C003E3A86 /* Resources */,
			);
			buildRules = (
			);
			dependencies = (
			);
			name = T3DebuggingHomework;
			productName = T3DebuggingHomework;
			productReference = 85C66CF62BFE427C003E3A86 /* T3DebuggingHomework.app */;
			productType = "com.apple.product-type.application";
		};
/* End PBXNativeTarget section */

/* Begin PBXProject section */
		85C66CEE2BFE427C003E3A86 /* Project object */ = {
			isa = PBXProject;
			attributes = {
				BuildIndependentTargetsInParallel = 1;
				LastSwiftUpdateCheck = 1540;
				LastUpgradeCheck = 1540;
				TargetAttributes = {
					85C66CF52BFE427C003E3A86 = {
						CreatedOnToolsVersion = 15.4;
					};
				};
			};
			buildConfigurationList = 85C66CF12BFE427C003E3A86 /* Build configuration list for PBXProject "T3DebuggingHomework" */;
			compatibilityVersion = "Xcode 14.0";
			developmentRegion = en;
			hasScannedForEncodings = 0;
			knownRegions = (
				en,
				Base,
			);
			mainGroup = 85C66CED2BFE427C003E3A86;
			productRefGroup = 85C66CF72BFE427C003E3A86 /* Products */;
			projectDirPath = "";
			projectRoot = "";
			targets = (
				85C66CF52BFE427C003E3A86 /* T3DebuggingHomework */,
			);
		};
/* End PBXProject section */

/* Begin PBXResourcesBuildPhase section */
		85C66CF42BFE427C003E3A86 /* Resources */ = {
			isa = PBXResourcesBuildPhase;
			buildActionMask = 2147483647;
			files = (
				85C66D032BFE427E003E3A86 /* Assets.xcassets in Resources */,
				85C66D062BFE427E003E3A86 /* Base in Resources */,
				85C66D012BFE427C003E3A86 /* Base in Resources */,
			);
			runOnlyForDeploymentPostprocessing = 0;
		};
/* End PBXResourcesBuildPhase section */

/* Begin PBXSourcesBuildPhase section */
		85C66CF22BFE427C003E3A86 /* Sources */ = {
			isa = PBXSourcesBuildPhase;
			buildActionMask = 2147483647;
			files = (
				99AC2A5F2D13F3E000FE3926 /* Model.swift in Sources */,
				85C66CFE2BFE427C003E3A86 /* ViewController.swift in Sources */,
				85C66CFA2BFE427C003E3A86 /* AppDelegate.swift in Sources */,
				85C66D132BFE494F003E3A86 /* HelloWorldViewController.swift in Sources */,
				85C66CFC2BFE427C003E3A86 /* SceneDelegate.swift in Sources */,
				85C66D0F2BFE4730003E3A86 /* T3ViewController.swift in Sources */,
				85C66D112BFE473C003E3A86 /* T3AttendeeViewController.swift in Sources */,
			);
			runOnlyForDeploymentPostprocessing = 0;
		};
/* End PBXSourcesBuildPhase section */

/* Begin PBXVariantGroup section */
		85C66CFF2BFE427C003E3A86 /* Main.storyboard */ = {
			isa = PBXVariantGroup;
			children = (
				85C66D002BFE427C003E3A86 /* Base */,
			);
			name = Main.storyboard;
			sourceTree = "<group>";
		};
		85C66D042BFE427E003E3A86 /* LaunchScreen.storyboard */ = {
			isa = PBXVariantGroup;
			children = (
				85C66D052BFE427E003E3A86 /* Base */,
			);
			name = LaunchScreen.storyboard;
			sourceTree = "<group>";
		};
/* End PBXVariantGroup section */

/* Begin XCBuildConfiguration section */
		85C66D082BFE427E003E3A86 /* Debug */ = {
			isa = XCBuildConfiguration;
			buildSettings = {
				ALWAYS_SEARCH_USER_PATHS = NO;
				ASSETCATALOG_COMPILER_GENERATE_SWIFT_ASSET_SYMBOL_EXTENSIONS = YES;
				CLANG_ANALYZER_NONNULL = YES;
				CLANG_ANALYZER_NUMBER_OBJECT_CONVERSION = YES_AGGRESSIVE;
				CLANG_CXX_LANGUAGE_STANDARD = "gnu++20";
				CLANG_ENABLE_MODULES = YES;
				CLANG_ENABLE_OBJC_ARC = YES;
				CLANG_ENABLE_OBJC_WEAK = YES;
				CLANG_WARN_BLOCK_CAPTURE_AUTORELEASING = YES;
				CLANG_WARN_BOOL_CONVERSION = YES;
				CLANG_WARN_COMMA = YES;
				CLANG_WARN_CONSTANT_CONVERSION = YES;
				CLANG_WARN_DEPRECATED_OBJC_IMPLEMENTATIONS = YES;
				CLANG_WARN_DIRECT_OBJC_ISA_USAGE = YES_ERROR;
				CLANG_WARN_DOCUMENTATION_COMMENTS = YES;
				CLANG_WARN_EMPTY_BODY = YES;
				CLANG_WARN_ENUM_CONVERSION = YES;
				CLANG_WARN_INFINITE_RECURSION = YES;
				CLANG_WARN_INT_CONVERSION = YES;
				CLANG_WARN_NON_LITERAL_NULL_CONVERSION = YES;
				CLANG_WARN_OBJC_IMPLICIT_RETAIN_SELF = YES;
				CLANG_WARN_OBJC_LITERAL_CONVERSION = YES;
				CLANG_WARN_OBJC_ROOT_CLASS = YES_ERROR;
				CLANG_WARN_QUOTED_INCLUDE_IN_FRAMEWORK_HEADER = YES;
				CLANG_WARN_RANGE_LOOP_ANALYSIS = YES;
				CLANG_WARN_STRICT_PROTOTYPES = YES;
				CLANG_WARN_SUSPICIOUS_MOVE = YES;
				CLANG_WARN_UNGUARDED_AVAILABILITY = YES_AGGRESSIVE;
				CLANG_WARN_UNREACHABLE_CODE = YES;
				CLANG_WARN__DUPLICATE_METHOD_MATCH = YES;
				COPY_PHASE_STRIP = NO;
				DEBUG_INFORMATION_FORMAT = dwarf;
				ENABLE_STRICT_OBJC_MSGSEND = YES;
				ENABLE_TESTABILITY = YES;
				ENABLE_USER_SCRIPT_SANDBOXING = YES;
				GCC_C_LANGUAGE_STANDARD = gnu17;
				GCC_DYNAMIC_NO_PIC = NO;
				GCC_NO_COMMON_BLOCKS = YES;
				GCC_OPTIMIZATION_LEVEL = 0;
				GCC_PREPROCESSOR_DEFINITIONS = (
					"DEBUG=1",
					"$(inherited)",
				);
				GCC_WARN_64_TO_32_BIT_CONVERSION = YES;
				GCC_WARN_ABOUT_RETURN_TYPE = YES_ERROR;
				GCC_WARN_UNDECLARED_SELECTOR = YES;
				GCC_WARN_UNINITIALIZED_AUTOS = YES_AGGRESSIVE;
				GCC_WARN_UNUSED_FUNCTION = YES;
				GCC_WARN_UNUSED_VARIABLE = YES;
				IPHONEOS_DEPLOYMENT_TARGET = 17.5;
				LOCALIZATION_PREFERS_STRING_CATALOGS = YES;
				MTL_ENABLE_DEBUG_INFO = INCLUDE_SOURCE;
				MTL_FAST_MATH = YES;
				ONLY_ACTIVE_ARCH = YES;
				SDKROOT = iphoneos;
				SWIFT_ACTIVE_COMPILATION_CONDITIONS = "DEBUG $(inherited)";
				SWIFT_OPTIMIZATION_LEVEL = "-Onone";
			};
			name = Debug;
		};
		85C66D092BFE427E003E3A86 /* Release */ = {
			isa = XCBuildConfiguration;
			buildSettings = {
				ALWAYS_SEARCH_USER_PATHS = NO;
				ASSETCATALOG_COMPILER_GENERATE_SWIFT_ASSET_SYMBOL_EXTENSIONS = YES;
				CLANG_ANALYZER_NONNULL = YES;
				CLANG_ANALYZER_NUMBER_OBJECT_CONVERSION = YES_AGGRESSIVE;
				CLANG_CXX_LANGUAGE_STANDARD = "gnu++20";
				CLANG_ENABLE_MODULES = YES;
				CLANG_ENABLE_OBJC_ARC = YES;
				CLANG_ENABLE_OBJC_WEAK = YES;
				CLANG_WARN_BLOCK_CAPTURE_AUTORELEASING = YES;
				CLANG_WARN_BOOL_CONVERSION = YES;
				CLANG_WARN_COMMA = YES;
				CLANG_WARN_CONSTANT_CONVERSION = YES;
				CLANG_WARN_DEPRECATED_OBJC_IMPLEMENTATIONS = YES;
				CLANG_WARN_DIRECT_OBJC_ISA_USAGE = YES_ERROR;
				CLANG_WARN_DOCUMENTATION_COMMENTS = YES;
				CLANG_WARN_EMPTY_BODY = YES;
				CLANG_WARN_ENUM_CONVERSION = YES;
				CLANG_WARN_INFINITE_RECURSION = YES;
				CLANG_WARN_INT_CONVERSION = YES;
				CLANG_WARN_NON_LITERAL_NULL_CONVERSION = YES;
				CLANG_WARN_OBJC_IMPLICIT_RETAIN_SELF = YES;
				CLANG_WARN_OBJC_LITERAL_CONVERSION = YES;
				CLANG_WARN_OBJC_ROOT_CLASS = YES_ERROR;
				CLANG_WARN_QUOTED_INCLUDE_IN_FRAMEWORK_HEADER = YES;
				CLANG_WARN_RANGE_LOOP_ANALYSIS = YES;
				CLANG_WARN_STRICT_PROTOTYPES = YES;
				CLANG_WARN_SUSPICIOUS_MOVE = YES;
				CLANG_WARN_UNGUARDED_AVAILABILITY = YES_AGGRESSIVE;
				CLANG_WARN_UNREACHABLE_CODE = YES;
				CLANG_WARN__DUPLICATE_METHOD_MATCH = YES;
				COPY_PHASE_STRIP = NO;
				DEBUG_INFORMATION_FORMAT = "dwarf-with-dsym";
				ENABLE_NS_ASSERTIONS = NO;
				ENABLE_STRICT_OBJC_MSGSEND = YES;
				ENABLE_USER_SCRIPT_SANDBOXING = YES;
				GCC_C_LANGUAGE_STANDARD = gnu17;
				GCC_NO_COMMON_BLOCKS = YES;
				GCC_WARN_64_TO_32_BIT_CONVERSION = YES;
				GCC_WARN_ABOUT_RETURN_TYPE = YES_ERROR;
				GCC_WARN_UNDECLARED_SELECTOR = YES;
				GCC_WARN_UNINITIALIZED_AUTOS = YES_AGGRESSIVE;
				GCC_WARN_UNUSED_FUNCTION = YES;
				GCC_WARN_UNUSED_VARIABLE = YES;
				IPHONEOS_DEPLOYMENT_TARGET = 17.5;
				LOCALIZATION_PREFERS_STRING_CATALOGS = YES;
				MTL_ENABLE_DEBUG_INFO = NO;
				MTL_FAST_MATH = YES;
				SDKROOT = iphoneos;
				SWIFT_COMPILATION_MODE = wholemodule;
				VALIDATE_PRODUCT = YES;
			};
			name = Release;
		};
		85C66D0B2BFE427E003E3A86 /* Debug */ = {
			isa = XCBuildConfiguration;
			buildSettings = {
				ASSETCATALOG_COMPILER_APPICON_NAME = AppIcon;
				ASSETCATALOG_COMPILER_GLOBAL_ACCENT_COLOR_NAME = AccentColor;
				CODE_SIGN_STYLE = Automatic;
				CURRENT_PROJECT_VERSION = 1;
				DEVELOPMENT_TEAM = "";
				GENERATE_INFOPLIST_FILE = YES;
				INFOPLIST_FILE = T3DebuggingHomework/Info.plist;
				INFOPLIST_KEY_UIApplicationSupportsIndirectInputEvents = YES;
				INFOPLIST_KEY_UILaunchStoryboardName = LaunchScreen;
				INFOPLIST_KEY_UIMainStoryboardFile = Main;
				INFOPLIST_KEY_UISupportedInterfaceOrientations_iPad = "UIInterfaceOrientationPortrait UIInterfaceOrientationPortraitUpsideDown UIInterfaceOrientationLandscapeLeft UIInterfaceOrientationLandscapeRight";
				INFOPLIST_KEY_UISupportedInterfaceOrientations_iPhone = "UIInterfaceOrientationPortrait UIInterfaceOrientationLandscapeLeft UIInterfaceOrientationLandscapeRight";
				LD_RUNPATH_SEARCH_PATHS = (
					"$(inherited)",
					"@executable_path/Frameworks",
				);
				MARKETING_VERSION = 1.0;
				PRODUCT_BUNDLE_IDENTIFIER = ie.thecodehub.T3DebuggingHomework;
				PRODUCT_NAME = "$(TARGET_NAME)";
				SWIFT_EMIT_LOC_STRINGS = YES;
				SWIFT_VERSION = 5.0;
				TARGETED_DEVICE_FAMILY = "1,2";
			};
			name = Debug;
		};
		85C66D0C2BFE427E003E3A86 /* Release */ = {
			isa = XCBuildConfiguration;
			buildSettings = {
				ASSETCATALOG_COMPILER_APPICON_NAME = AppIcon;
				ASSETCATALOG_COMPILER_GLOBAL_ACCENT_COLOR_NAME = AccentColor;
				CODE_SIGN_STYLE = Automatic;
				CURRENT_PROJECT_VERSION = 1;
				DEVELOPMENT_TEAM = "";
				GENERATE_INFOPLIST_FILE = YES;
				INFOPLIST_FILE = T3DebuggingHomework/Info.plist;
				INFOPLIST_KEY_UIApplicationSupportsIndirectInputEvents = YES;
				INFOPLIST_KEY_UILaunchStoryboardName = LaunchScreen;
				INFOPLIST_KEY_UIMainStoryboardFile = Main;
				INFOPLIST_KEY_UISupportedInterfaceOrientations_iPad = "UIInterfaceOrientationPortrait UIInterfaceOrientationPortraitUpsideDown UIInterfaceOrientationLandscapeLeft UIInterfaceOrientationLandscapeRight";
				INFOPLIST_KEY_UISupportedInterfaceOrientations_iPhone = "UIInterfaceOrientationPortrait UIInterfaceOrientationLandscapeLeft UIInterfaceOrientationLandscapeRight";
				LD_RUNPATH_SEARCH_PATHS = (
					"$(inherited)",
					"@executable_path/Frameworks",
				);
				MARKETING_VERSION = 1.0;
				PRODUCT_BUNDLE_IDENTIFIER = ie.thecodehub.T3DebuggingHomework;
				PRODUCT_NAME = "$(TARGET_NAME)";
				SWIFT_EMIT_LOC_STRINGS = YES;
				SWIFT_VERSION = 5.0;
				TARGETED_DEVICE_FAMILY = "1,2";
			};
			name = Release;
		};
/* End XCBuildConfiguration section */

/* Begin XCConfigurationList section */
		85C66CF12BFE427C003E3A86 /* Build configuration list for PBXProject "T3DebuggingHomework" */ = {
			isa = XCConfigurationList;
			buildConfigurations = (
				85C66D082BFE427E003E3A86 /* Debug */,
				85C66D092BFE427E003E3A86 /* Release */,
			);
			defaultConfigurationIsVisible = 0;
			defaultConfigurationName = Release;
		};
		85C66D0A2BFE427E003E3A86 /* Build configuration list for PBXNativeTarget "T3DebuggingHomework" */ = {
			isa = XCConfigurationList;
			buildConfigurations = (
				85C66D0B2BFE427E003E3A86 /* Debug */,
				85C66D0C2BFE427E003E3A86 /* Release */,
			);
			defaultConfigurationIsVisible = 0;
			defaultConfigurationName = Release;
		};
/* End XCConfigurationList section */
	};
	rootObject = 85C66CEE2BFE427C003E3A86 /* Project object */;
}
